
Microsoft Visual Studio Solution File, Format Version 12.00
# Visual Studio 15
VisualStudioVersion = 15.0.26124.0
MinimumVisualStudioVersion = 15.0.26124.0
Project("{FAE04EC0-301F-11D3-BF4B-00C04F79EFBC}") = "Telegram.Bot.Builder", "Telegram.Bot.Builder\Telegram.Bot.Builder.csproj", "{89C87F32-481C-4C63-A77D-9D2BFCF5504F}"
EndProject
Project("{2150E333-8FDC-42A3-9474-1A3956D46DE8}") = "Tests", "Tests", "{15794ECD-F254-48B0-B178-C748212897C2}"
EndProject
Project("{FAE04EC0-301F-11D3-BF4B-00C04F79EFBC}") = "Test.Telegram.Bot.Builder", "Tests\Test.Telegram.Bot.Builder\Test.Telegram.Bot.Builder.csproj", "{07ADC199-9475-43DC-A443-87730250248A}"
EndProject
Project("{FAE04EC0-301F-11D3-BF4B-00C04F79EFBC}") = "Telegram.Bot.Builder.Webhook", "Telegram.Bot.Builder.Webhook\Telegram.Bot.Builder.Webhook.csproj", "{FF70AC72-A49C-4AF1-B786-1C30BBBE8E24}"
EndProject
Project("{FAE04EC0-301F-11D3-BF4B-00C04F79EFBC}") = "Test.Telegram.Bot.Builder.Webhook", "Tests\Test.Telegram.Bot.Builder.Webhook\Test.Telegram.Bot.Builder.Webhook.csproj", "{647085DC-6134-4216-8ACC-4B4FC65F375F}"
EndProject
Project("{2150E333-8FDC-42A3-9474-1A3956D46DE8}") = "Examples", "Examples", "{D3D37538-D5B9-4999-982C-2FA8B5FA6210}"
EndProject
Project("{FAE04EC0-301F-11D3-BF4B-00C04F79EFBC}") = "EchoBot", "Examples\EchoBot\EchoBot.csproj", "{26186879-3DD5-42A2-A31D-D5A0ED46CCD8}"
EndProject
Project("{FAE04EC0-301F-11D3-BF4B-00C04F79EFBC}") = "IsDownBot", "Examples\IsDownBot\IsDownBot.csproj", "{55E1C6AB-B624-455C-A616-ACCA0785D013}"
EndProject
Global
	GlobalSection(SolutionConfigurationPlatforms) = preSolution
		Debug|Any CPU = Debug|Any CPU
		Release|Any CPU = Release|Any CPU
	EndGlobalSection
	GlobalSection(SolutionProperties) = preSolution
		HideSolutionNode = FALSE
	EndGlobalSection
	GlobalSection(ProjectConfigurationPlatforms) = postSolution
		{89C87F32-481C-4C63-A77D-9D2BFCF5504F}.Debug|Any CPU.ActiveCfg = Debug|Any CPU
		{89C87F32-481C-4C63-A77D-9D2BFCF5504F}.Debug|Any CPU.Build.0 = Debug|Any CPU
		{89C87F32-481C-4C63-A77D-9D2BFCF5504F}.Release|Any CPU.ActiveCfg = Release|Any CPU
		{89C87F32-481C-4C63-A77D-9D2BFCF5504F}.Release|Any CPU.Build.0 = Release|Any CPU
		{07ADC199-9475-43DC-A443-87730250248A}.Debug|Any CPU.ActiveCfg = Debug|Any CPU
		{07ADC199-9475-43DC-A443-87730250248A}.Debug|Any CPU.Build.0 = Debug|Any CPU
		{07ADC199-9475-43DC-A443-87730250248A}.Release|Any CPU.ActiveCfg = Release|Any CPU
		{07ADC199-9475-43DC-A443-87730250248A}.Release|Any CPU.Build.0 = Release|Any CPU
		{FF70AC72-A49C-4AF1-B786-1C30BBBE8E24}.Debug|Any CPU.ActiveCfg = Debug|Any CPU
		{FF70AC72-A49C-4AF1-B786-1C30BBBE8E24}.Debug|Any CPU.Build.0 = Debug|Any CPU
		{FF70AC72-A49C-4AF1-B786-1C30BBBE8E24}.Release|Any CPU.ActiveCfg = Release|Any CPU
		{FF70AC72-A49C-4AF1-B786-1C30BBBE8E24}.Release|Any CPU.Build.0 = Release|Any CPU
		{647085DC-6134-4216-8ACC-4B4FC65F375F}.Debug|Any CPU.ActiveCfg = Debug|Any CPU
		{647085DC-6134-4216-8ACC-4B4FC65F375F}.Debug|Any CPU.Build.0 = Debug|Any CPU
		{647085DC-6134-4216-8ACC-4B4FC65F375F}.Release|Any CPU.ActiveCfg = Release|Any CPU
		{647085DC-6134-4216-8ACC-4B4FC65F375F}.Release|Any CPU.Build.0 = Release|Any CPU
		{26186879-3DD5-42A2-A31D-D5A0ED46CCD8}.Debug|Any CPU.ActiveCfg = Debug|Any CPU
		{26186879-3DD5-42A2-A31D-D5A0ED46CCD8}.Debug|Any CPU.Build.0 = Debug|Any CPU
		{26186879-3DD5-42A2-A31D-D5A0ED46CCD8}.Release|Any CPU.ActiveCfg = Release|Any CPU
		{26186879-3DD5-42A2-A31D-D5A0ED46CCD8}.Release|Any CPU.Build.0 = Release|Any CPU
		{55E1C6AB-B624-455C-A616-ACCA0785D013}.Debug|Any CPU.ActiveCfg = Debug|Any CPU
		{55E1C6AB-B624-455C-A616-ACCA0785D013}.Debug|Any CPU.Build.0 = Debug|Any CPU
		{55E1C6AB-B624-455C-A616-ACCA0785D013}.Release|Any CPU.ActiveCfg = Release|Any CPU
		{55E1C6AB-B624-455C-A616-ACCA0785D013}.Release|Any CPU.Build.0 = Release|Any CPU
	EndGlobalSection
	GlobalSection(NestedProjects) = preSolution
		{07ADC199-9475-43DC-A443-87730250248A} = {15794ECD-F254-48B0-B178-C748212897C2}
		{647085DC-6134-4216-8ACC-4B4FC65F375F} = {15794ECD-F254-48B0-B178-C748212897C2}
		{26186879-3DD5-42A2-A31D-D5A0ED46CCD8} = {D3D37538-D5B9-4999-982C-2FA8B5FA6210}
		{55E1C6AB-B624-455C-A616-ACCA0785D013} = {D3D37538-D5B9-4999-982C-2FA8B5FA6210}
	EndGlobalSection
EndGlobal
